
Microsoft Visual Studio Solution File, Format Version 12.00
# Visual Studio Version 16
VisualStudioVersion = 16.0.30503.244
MinimumVisualStudioVersion = 10.0.40219.1
Project("{FAE04EC0-301F-11D3-BF4B-00C04F79EFBC}") = "RCSEditTool", "RCSEditTool\RCSEditTool.csproj", "{F93F64EE-C161-4299-895E-234DDC483F07}"
EndProject
Project("{2150E333-8FDC-42A3-9474-1A3956D46DE8}") = "1.数据编辑工具", "1.数据编辑工具", "{4A05E906-3ECA-4496-9843-B7C1103FCE70}"
EndProject
Project("{2150E333-8FDC-42A3-9474-1A3956D46DE8}") = "2.模拟", "2.模拟", "{9B8C97D0-CA33-4E07-A8DB-2C1F624FF79B}"
EndProject
Project("{2150E333-8FDC-42A3-9474-1A3956D46DE8}") = "3.实时显示", "3.实时显示", "{7887153E-F9A5-45CC-8721-ACB6E9A55D37}"
EndProject
Project("{FAE04EC0-301F-11D3-BF4B-00C04F79EFBC}") = "Simulation", "Simulation\Simulation.csproj", "{2BAB32D9-8A3C-4DDB-A3A3-D666A4BB9131}"
EndProject
Project("{FAE04EC0-301F-11D3-BF4B-00C04F79EFBC}") = "Display", "Display\Display.csproj", "{160CF27A-5F92-4864-89FA-CBADDD8636E7}"
EndProject
Project("{2150E333-8FDC-42A3-9474-1A3956D46DE8}") = "4.档案数据模型", "4.档案数据模型", "{A0D87E86-EBF1-4F89-BB54-49826B122DCD}"
EndProject
Project("{2150E333-8FDC-42A3-9474-1A3956D46DE8}") = "5.数据库操作", "5.数据库操作", "{DC958C93-5289-4D62-A8C0-B2E15CD0D38B}"
EndProject
Project("{2150E333-8FDC-42A3-9474-1A3956D46DE8}") = "6.三方DLL", "6.三方DLL", "{A71F8146-1242-465D-89E5-7D78363C5A23}"
	ProjectSection(SolutionItems) = preProject
		Dll\AnyCAD.Foundation.Net.dll = Dll\AnyCAD.Foundation.Net.dll
		Dll\AnyCoreBase.dll = Dll\AnyCoreBase.dll
		Dll\AnyCoreData.dll = Dll\AnyCoreData.dll
		Dll\AnyCoreGeom.dll = Dll\AnyCoreGeom.dll
		Dll\AnyCoreImage.dll = Dll\AnyCoreImage.dll
		Dll\AnyCoreView.dll = Dll\AnyCoreView.dll
		Dll\AnyGrphData.dll = Dll\AnyGrphData.dll
		Dll\AnyLuaAPI.dll = Dll\AnyLuaAPI.dll
		Dll\AnyLuaBase.dll = Dll\AnyLuaBase.dll
		Dll\AnyLuaEngine.dll = Dll\AnyLuaEngine.dll
		Dll\AnyPlatformAPI.dll = Dll\AnyPlatformAPI.dll
		Dll\AnyVizBase.dll = Dll\AnyVizBase.dll
		Dll\AnyVizGeom.dll = Dll\AnyVizGeom.dll
		Dll\AnyVizGL.dll = Dll\AnyVizGL.dll
		Dll\AnyVizGL3.dll = Dll\AnyVizGL3.dll
		Dll\AnyVizGlut.dll = Dll\AnyVizGlut.dll
		Dll\AnyVizGrph.dll = Dll\AnyVizGrph.dll
		Dll\AnyVizView.dll = Dll\AnyVizView.dll
		Dll\AuthorizeBase.dll = Dll\AuthorizeBase.dll
		Dll\ButterflyS7.dll = Dll\ButterflyS7.dll
		Dll\Canvas.dll = Dll\Canvas.dll
		Dll\Canvas3D.dll = Dll\Canvas3D.dll
		Dll\CanvasMobile.dll = Dll\CanvasMobile.dll
		Dll\CommonTools.dll = Dll\CommonTools.dll
		Dll\FreeImage.dll = Dll\FreeImage.dll
		Dll\HslCommunication.dll = Dll\HslCommunication.dll
		Dll\log4net.dll = Dll\log4net.dll
		Dll\Newtonsoft.Json.dll = Dll\Newtonsoft.Json.dll
		Dll\PocoFoundation.dll = Dll\PocoFoundation.dll
		Dll\PocoZip.dll = Dll\PocoZip.dll
		Dll\ShilinetSoftVerify.dll = Dll\ShilinetSoftVerify.dll
		Dll\SuperSocket.Common.dll = Dll\SuperSocket.Common.dll
		Dll\SuperSocket.SocketBase.dll = Dll\SuperSocket.SocketBase.dll
		Dll\SuperSocket.SocketEngine.dll = Dll\SuperSocket.SocketEngine.dll
	EndProjectSection
EndProject
Project("{2150E333-8FDC-42A3-9474-1A3956D46DE8}") = "7.通讯组件", "7.通讯组件", "{D40AB4A2-F90A-42BA-9300-C17793CBE825}"
EndProject
Project("{FAE04EC0-301F-11D3-BF4B-00C04F79EFBC}") = "Model", "Model\Model.csproj", "{C0FF6131-C26D-4EC9-9898-984E477DB213}"
EndProject
Project("{FAE04EC0-301F-11D3-BF4B-00C04F79EFBC}") = "AGVDAccess", "AGVDAccess\AGVDAccess.csproj", "{4C91CD1A-7FF5-446B-BE81-DC2677F1D427}"
EndProject
Project("{2150E333-8FDC-42A3-9474-1A3956D46DE8}") = "9.工具类", "9.工具类", "{220CD8EA-3E94-40D4-8E13-05A798510534}"
EndProject
Project("{FAE04EC0-301F-11D3-BF4B-00C04F79EFBC}") = "Tool", "Tool\Tool.csproj", "{F6204CD1-DAD9-47B2-9285-36B4A9FFBDE6}"
EndProject
Project("{FAE04EC0-301F-11D3-BF4B-00C04F79EFBC}") = "SocketModel", "SocketModel\SocketModel.csproj", "{A66EDE9A-282E-4586-8320-4F4A235B4E50}"
EndProject
Project("{FAE04EC0-301F-11D3-BF4B-00C04F79EFBC}") = "SocketClient", "SocketClient\SocketClient.csproj", "{7B0CD545-3B28-4B5A-8BA3-A71A4B9A2C08}"
EndProject
Project("{FAE04EC0-301F-11D3-BF4B-00C04F79EFBC}") = "SimulationModel", "SimulationModel\SimulationModel.csproj", "{7C381F7A-F4C0-48F2-A49C-561065A49802}"
EndProject
Project("{2150E333-8FDC-42A3-9474-1A3956D46DE8}") = "10.调度服务", "10.调度服务", "{4AF95DD2-763F-4B31-84BB-E5FE9B0D3540}"
EndProject
Project("{FAE04EC0-301F-11D3-BF4B-00C04F79EFBC}") = "AGVDispatchServer", "AGVDispatchServer\AGVDispatchServer.csproj", "{DFBD9B5A-DD2A-4879-8025-CD4CFF8AD0EB}"
EndProject
Project("{FAE04EC0-301F-11D3-BF4B-00C04F79EFBC}") = "AGVCore", "AGVCore\AGVCore.csproj", "{F2B9C2EC-2CE0-40A0-8CB1-F44F1BEBB755}"
EndProject
Project("{FAE04EC0-301F-11D3-BF4B-00C04F79EFBC}") = "DipatchModel", "DipatchModel\DipatchModel.csproj", "{89ECAA60-E488-4B74-AFEF-37FBA3DBF4AA}"
EndProject
Project("{FAE04EC0-301F-11D3-BF4B-00C04F79EFBC}") = "AGVDispacth", "AGVDispacth\AGVDispacth.csproj", "{5C8A094A-8F6F-42DC-AACC-C8A1D8D47CF3}"
EndProject
Project("{FAE04EC0-301F-11D3-BF4B-00C04F79EFBC}") = "SQLServerOperator", "SQLServerOperator\SQLServerOperator.csproj", "{78EFBBA1-1DE7-411F-BA6D-37AE772F2F5E}"
EndProject
Project("{FAE04EC0-301F-11D3-BF4B-00C04F79EFBC}") = "SocketServer", "SocketServer\SocketServer.csproj", "{994BE1CF-230A-48D3-86F9-B68F4D3E29AC}"
EndProject
Project("{2150E333-8FDC-42A3-9474-1A3956D46DE8}") = "11.模拟AGV指令工具", "11.模拟AGV指令工具", "{091EF9EE-E16C-447B-A83D-2E4A787AF85A}"
EndProject
Project("{FAE04EC0-301F-11D3-BF4B-00C04F79EFBC}") = "SimulatorAGVTCP", "SimulatorAGVTCP\SimulatorAGVTCP.csproj", "{460F64A4-23B8-4617-9241-0D318B3F0054}"
EndProject
Project("{FAE04EC0-301F-11D3-BF4B-00C04F79EFBC}") = "Wpf3DSimulator", "Wpf3DSimulator\Wpf3DSimulator.csproj", "{88975CBB-6B15-4A6F-829B-4D566526B7A4}"
EndProject
Project("{2150E333-8FDC-42A3-9474-1A3956D46DE8}") = "12.模拟呼叫盒", "12.模拟呼叫盒", "{DCB04CA1-AC6F-4878-ACDE-17084DEF168F}"
EndProject
Project("{FAE04EC0-301F-11D3-BF4B-00C04F79EFBC}") = "UserControls", "UserControls\UserControls.csproj", "{0442E632-B26B-4328-9C01-C7F487CF732C}"
EndProject
Project("{FAE04EC0-301F-11D3-BF4B-00C04F79EFBC}") = "SimulateCallBox", "SimulateCallBox\SimulateCallBox.csproj", "{E5212F39-2241-48CB-B0B5-223B9204DC95}"
EndProject
Project("{FAE04EC0-301F-11D3-BF4B-00C04F79EFBC}") = "AGVCommunication", "AGVCommunication\AGVCommunication.csproj", "{77747AC9-8BEE-4B6A-9F32-651B801DB75A}"
EndProject
Project("{2150E333-8FDC-42A3-9474-1A3956D46DE8}") = "13.windows平板端", "13.windows平板端", "{4C87E240-3F3E-4948-865A-E35673419B58}"
EndProject
Project("{FAE04EC0-301F-11D3-BF4B-00C04F79EFBC}") = "WindowPDAClient", "WindowPDAClient\WindowPDAClient.csproj", "{F2ED4A41-9EFC-49AE-8768-F44C45168AF4}"
EndProject
Project("{2150E333-8FDC-42A3-9474-1A3956D46DE8}") = "14.西门子PLC", "14.西门子PLC", "{8486AFBE-D6A2-4CA9-8EE2-97AA877841A9}"
EndProject
Project("{FAE04EC0-301F-11D3-BF4B-00C04F79EFBC}") = "PlcSMICECallAGV", "PlcSMICECallAGV\PlcSMICECallAGV.csproj", "{419C3399-A1A6-49A7-BC5A-3A86B292F0AD}"
EndProject
Project("{FAE04EC0-301F-11D3-BF4B-00C04F79EFBC}") = "AGVComponents", "AGVComponents\AGVComponents.csproj", "{92D167C2-1AEC-4AC5-A71D-5F3002D1396F}"
EndProject
Project("{FAE04EC0-301F-11D3-BF4B-00C04F79EFBC}") = "MesModel", "MesModel\MesModel.csproj", "{7537BD14-E421-418D-885C-DCFFFB9AE9B3}"
EndProject
Project("{FAE04EC0-301F-11D3-BF4B-00C04F79EFBC}") = "Canvas", "Canvas\Canvas.csproj", "{F870CCD3-21E7-4436-B93B-149ED358A1BA}"
EndProject
Global
	GlobalSection(SolutionConfigurationPlatforms) = preSolution
		Debug|Any CPU = Debug|Any CPU
		Release|Any CPU = Release|Any CPU
	EndGlobalSection
	GlobalSection(ProjectConfigurationPlatforms) = postSolution
		{F93F64EE-C161-4299-895E-234DDC483F07}.Debug|Any CPU.ActiveCfg = Debug|Any CPU
		{F93F64EE-C161-4299-895E-234DDC483F07}.Debug|Any CPU.Build.0 = Debug|Any CPU
		{F93F64EE-C161-4299-895E-234DDC483F07}.Release|Any CPU.ActiveCfg = Release|Any CPU
		{F93F64EE-C161-4299-895E-234DDC483F07}.Release|Any CPU.Build.0 = Release|Any CPU
		{2BAB32D9-8A3C-4DDB-A3A3-D666A4BB9131}.Debug|Any CPU.ActiveCfg = Debug|Any CPU
		{2BAB32D9-8A3C-4DDB-A3A3-D666A4BB9131}.Debug|Any CPU.Build.0 = Debug|Any CPU
		{2BAB32D9-8A3C-4DDB-A3A3-D666A4BB9131}.Release|Any CPU.ActiveCfg = Release|Any CPU
		{2BAB32D9-8A3C-4DDB-A3A3-D666A4BB9131}.Release|Any CPU.Build.0 = Release|Any CPU
		{160CF27A-5F92-4864-89FA-CBADDD8636E7}.Debug|Any CPU.ActiveCfg = Debug|Any CPU
		{160CF27A-5F92-4864-89FA-CBADDD8636E7}.Debug|Any CPU.Build.0 = Debug|Any CPU
		{160CF27A-5F92-4864-89FA-CBADDD8636E7}.Release|Any CPU.ActiveCfg = Release|Any CPU
		{160CF27A-5F92-4864-89FA-CBADDD8636E7}.Release|Any CPU.Build.0 = Release|Any CPU
		{C0FF6131-C26D-4EC9-9898-984E477DB213}.Debug|Any CPU.ActiveCfg = Debug|Any CPU
		{C0FF6131-C26D-4EC9-9898-984E477DB213}.Debug|Any CPU.Build.0 = Debug|Any CPU
		{C0FF6131-C26D-4EC9-9898-984E477DB213}.Release|Any CPU.ActiveCfg = Release|Any CPU
		{C0FF6131-C26D-4EC9-9898-984E477DB213}.Release|Any CPU.Build.0 = Release|Any CPU
		{4C91CD1A-7FF5-446B-BE81-DC2677F1D427}.Debug|Any CPU.ActiveCfg = Debug|Any CPU
		{4C91CD1A-7FF5-446B-BE81-DC2677F1D427}.Debug|Any CPU.Build.0 = Debug|Any CPU
		{4C91CD1A-7FF5-446B-BE81-DC2677F1D427}.Release|Any CPU.ActiveCfg = Release|Any CPU
		{4C91CD1A-7FF5-446B-BE81-DC2677F1D427}.Release|Any CPU.Build.0 = Release|Any CPU
		{F6204CD1-DAD9-47B2-9285-36B4A9FFBDE6}.Debug|Any CPU.ActiveCfg = Debug|Any CPU
		{F6204CD1-DAD9-47B2-9285-36B4A9FFBDE6}.Debug|Any CPU.Build.0 = Debug|Any CPU
		{F6204CD1-DAD9-47B2-9285-36B4A9FFBDE6}.Release|Any CPU.ActiveCfg = Release|Any CPU
		{F6204CD1-DAD9-47B2-9285-36B4A9FFBDE6}.Release|Any CPU.Build.0 = Release|Any CPU
		{A66EDE9A-282E-4586-8320-4F4A235B4E50}.Debug|Any CPU.ActiveCfg = Debug|Any CPU
		{A66EDE9A-282E-4586-8320-4F4A235B4E50}.Debug|Any CPU.Build.0 = Debug|Any CPU
		{A66EDE9A-282E-4586-8320-4F4A235B4E50}.Release|Any CPU.ActiveCfg = Release|Any CPU
		{A66EDE9A-282E-4586-8320-4F4A235B4E50}.Release|Any CPU.Build.0 = Release|Any CPU
		{7B0CD545-3B28-4B5A-8BA3-A71A4B9A2C08}.Debug|Any CPU.ActiveCfg = Debug|Any CPU
		{7B0CD545-3B28-4B5A-8BA3-A71A4B9A2C08}.Debug|Any CPU.Build.0 = Debug|Any CPU
		{7B0CD545-3B28-4B5A-8BA3-A71A4B9A2C08}.Release|Any CPU.ActiveCfg = Release|Any CPU
		{7B0CD545-3B28-4B5A-8BA3-A71A4B9A2C08}.Release|Any CPU.Build.0 = Release|Any CPU
		{7C381F7A-F4C0-48F2-A49C-561065A49802}.Debug|Any CPU.ActiveCfg = Debug|Any CPU
		{7C381F7A-F4C0-48F2-A49C-561065A49802}.Debug|Any CPU.Build.0 = Debug|Any CPU
		{7C381F7A-F4C0-48F2-A49C-561065A49802}.Release|Any CPU.ActiveCfg = Release|Any CPU
		{7C381F7A-F4C0-48F2-A49C-561065A49802}.Release|Any CPU.Build.0 = Release|Any CPU
		{DFBD9B5A-DD2A-4879-8025-CD4CFF8AD0EB}.Debug|Any CPU.ActiveCfg = Debug|Any CPU
		{DFBD9B5A-DD2A-4879-8025-CD4CFF8AD0EB}.Debug|Any CPU.Build.0 = Debug|Any CPU
		{DFBD9B5A-DD2A-4879-8025-CD4CFF8AD0EB}.Release|Any CPU.ActiveCfg = Release|Any CPU
		{DFBD9B5A-DD2A-4879-8025-CD4CFF8AD0EB}.Release|Any CPU.Build.0 = Release|Any CPU
		{F2B9C2EC-2CE0-40A0-8CB1-F44F1BEBB755}.Debug|Any CPU.ActiveCfg = Debug|Any CPU
		{F2B9C2EC-2CE0-40A0-8CB1-F44F1BEBB755}.Debug|Any CPU.Build.0 = Debug|Any CPU
		{F2B9C2EC-2CE0-40A0-8CB1-F44F1BEBB755}.Release|Any CPU.ActiveCfg = Release|Any CPU
		{F2B9C2EC-2CE0-40A0-8CB1-F44F1BEBB755}.Release|Any CPU.Build.0 = Release|Any CPU
		{89ECAA60-E488-4B74-AFEF-37FBA3DBF4AA}.Debug|Any CPU.ActiveCfg = Debug|Any CPU
		{89ECAA60-E488-4B74-AFEF-37FBA3DBF4AA}.Debug|Any CPU.Build.0 = Debug|Any CPU
		{89ECAA60-E488-4B74-AFEF-37FBA3DBF4AA}.Release|Any CPU.ActiveCfg = Release|Any CPU
		{89ECAA60-E488-4B74-AFEF-37FBA3DBF4AA}.Release|Any CPU.Build.0 = Release|Any CPU
		{5C8A094A-8F6F-42DC-AACC-C8A1D8D47CF3}.Debug|Any CPU.ActiveCfg = Debug|Any CPU
		{5C8A094A-8F6F-42DC-AACC-C8A1D8D47CF3}.Debug|Any CPU.Build.0 = Debug|Any CPU
		{5C8A094A-8F6F-42DC-AACC-C8A1D8D47CF3}.Release|Any CPU.ActiveCfg = Release|Any CPU
		{5C8A094A-8F6F-42DC-AACC-C8A1D8D47CF3}.Release|Any CPU.Build.0 = Release|Any CPU
		{78EFBBA1-1DE7-411F-BA6D-37AE772F2F5E}.Debug|Any CPU.ActiveCfg = Debug|Any CPU
		{78EFBBA1-1DE7-411F-BA6D-37AE772F2F5E}.Debug|Any CPU.Build.0 = Debug|Any CPU
		{78EFBBA1-1DE7-411F-BA6D-37AE772F2F5E}.Release|Any CPU.ActiveCfg = Release|Any CPU
		{78EFBBA1-1DE7-411F-BA6D-37AE772F2F5E}.Release|Any CPU.Build.0 = Release|Any CPU
		{994BE1CF-230A-48D3-86F9-B68F4D3E29AC}.Debug|Any CPU.ActiveCfg = Debug|Any CPU
		{994BE1CF-230A-48D3-86F9-B68F4D3E29AC}.Debug|Any CPU.Build.0 = Debug|Any CPU
		{994BE1CF-230A-48D3-86F9-B68F4D3E29AC}.Release|Any CPU.ActiveCfg = Release|Any CPU
		{994BE1CF-230A-48D3-86F9-B68F4D3E29AC}.Release|Any CPU.Build.0 = Release|Any CPU
		{460F64A4-23B8-4617-9241-0D318B3F0054}.Debug|Any CPU.ActiveCfg = Debug|Any CPU
		{460F64A4-23B8-4617-9241-0D318B3F0054}.Debug|Any CPU.Build.0 = Debug|Any CPU
		{460F64A4-23B8-4617-9241-0D318B3F0054}.Release|Any CPU.ActiveCfg = Release|Any CPU
		{460F64A4-23B8-4617-9241-0D318B3F0054}.Release|Any CPU.Build.0 = Release|Any CPU
		{88975CBB-6B15-4A6F-829B-4D566526B7A4}.Debug|Any CPU.ActiveCfg = Debug|Any CPU
		{88975CBB-6B15-4A6F-829B-4D566526B7A4}.Debug|Any CPU.Build.0 = Debug|Any CPU
		{88975CBB-6B15-4A6F-829B-4D566526B7A4}.Release|Any CPU.ActiveCfg = Release|Any CPU
		{88975CBB-6B15-4A6F-829B-4D566526B7A4}.Release|Any CPU.Build.0 = Release|Any CPU
		{0442E632-B26B-4328-9C01-C7F487CF732C}.Debug|Any CPU.ActiveCfg = Debug|Any CPU
		{0442E632-B26B-4328-9C01-C7F487CF732C}.Debug|Any CPU.Build.0 = Debug|Any CPU
		{0442E632-B26B-4328-9C01-C7F487CF732C}.Release|Any CPU.ActiveCfg = Release|Any CPU
		{0442E632-B26B-4328-9C01-C7F487CF732C}.Release|Any CPU.Build.0 = Release|Any CPU
		{E5212F39-2241-48CB-B0B5-223B9204DC95}.Debug|Any CPU.ActiveCfg = Debug|Any CPU
		{E5212F39-2241-48CB-B0B5-223B9204DC95}.Debug|Any CPU.Build.0 = Debug|Any CPU
		{E5212F39-2241-48CB-B0B5-223B9204DC95}.Release|Any CPU.ActiveCfg = Release|Any CPU
		{E5212F39-2241-48CB-B0B5-223B9204DC95}.Release|Any CPU.Build.0 = Release|Any CPU
		{77747AC9-8BEE-4B6A-9F32-651B801DB75A}.Debug|Any CPU.ActiveCfg = Debug|Any CPU
		{77747AC9-8BEE-4B6A-9F32-651B801DB75A}.Debug|Any CPU.Build.0 = Debug|Any CPU
		{77747AC9-8BEE-4B6A-9F32-651B801DB75A}.Release|Any CPU.ActiveCfg = Release|Any CPU
		{77747AC9-8BEE-4B6A-9F32-651B801DB75A}.Release|Any CPU.Build.0 = Release|Any CPU
		{F2ED4A41-9EFC-49AE-8768-F44C45168AF4}.Debug|Any CPU.ActiveCfg = Debug|Any CPU
		{F2ED4A41-9EFC-49AE-8768-F44C45168AF4}.Debug|Any CPU.Build.0 = Debug|Any CPU
		{F2ED4A41-9EFC-49AE-8768-F44C45168AF4}.Release|Any CPU.ActiveCfg = Release|Any CPU
		{F2ED4A41-9EFC-49AE-8768-F44C45168AF4}.Release|Any CPU.Build.0 = Release|Any CPU
		{419C3399-A1A6-49A7-BC5A-3A86B292F0AD}.Debug|Any CPU.ActiveCfg = Debug|Any CPU
		{419C3399-A1A6-49A7-BC5A-3A86B292F0AD}.Debug|Any CPU.Build.0 = Debug|Any CPU
		{419C3399-A1A6-49A7-BC5A-3A86B292F0AD}.Release|Any CPU.ActiveCfg = Release|Any CPU
		{419C3399-A1A6-49A7-BC5A-3A86B292F0AD}.Release|Any CPU.Build.0 = Release|Any CPU
		{92D167C2-1AEC-4AC5-A71D-5F3002D1396F}.Debug|Any CPU.ActiveCfg = Debug|Any CPU
		{92D167C2-1AEC-4AC5-A71D-5F3002D1396F}.Debug|Any CPU.Build.0 = Debug|Any CPU
		{92D167C2-1AEC-4AC5-A71D-5F3002D1396F}.Release|Any CPU.ActiveCfg = Release|Any CPU
		{92D167C2-1AEC-4AC5-A71D-5F3002D1396F}.Release|Any CPU.Build.0 = Release|Any CPU
		{7537BD14-E421-418D-885C-DCFFFB9AE9B3}.Debug|Any CPU.ActiveCfg = Debug|Any CPU
		{7537BD14-E421-418D-885C-DCFFFB9AE9B3}.Debug|Any CPU.Build.0 = Debug|Any CPU
		{7537BD14-E421-418D-885C-DCFFFB9AE9B3}.Release|Any CPU.ActiveCfg = Release|Any CPU
		{7537BD14-E421-418D-885C-DCFFFB9AE9B3}.Release|Any CPU.Build.0 = Release|Any CPU
		{F870CCD3-21E7-4436-B93B-149ED358A1BA}.Debug|Any CPU.ActiveCfg = Debug|Any CPU
		{F870CCD3-21E7-4436-B93B-149ED358A1BA}.Debug|Any CPU.Build.0 = Debug|Any CPU
		{F870CCD3-21E7-4436-B93B-149ED358A1BA}.Release|Any CPU.ActiveCfg = Release|Any CPU
		{F870CCD3-21E7-4436-B93B-149ED358A1BA}.Release|Any CPU.Build.0 = Release|Any CPU
	EndGlobalSection
	GlobalSection(SolutionProperties) = preSolution
		HideSolutionNode = FALSE
	EndGlobalSection
	GlobalSection(NestedProjects) = preSolution
		{F93F64EE-C161-4299-895E-234DDC483F07} = {4A05E906-3ECA-4496-9843-B7C1103FCE70}
		{2BAB32D9-8A3C-4DDB-A3A3-D666A4BB9131} = {9B8C97D0-CA33-4E07-A8DB-2C1F624FF79B}
		{160CF27A-5F92-4864-89FA-CBADDD8636E7} = {7887153E-F9A5-45CC-8721-ACB6E9A55D37}
		{C0FF6131-C26D-4EC9-9898-984E477DB213} = {A0D87E86-EBF1-4F89-BB54-49826B122DCD}
		{4C91CD1A-7FF5-446B-BE81-DC2677F1D427} = {DC958C93-5289-4D62-A8C0-B2E15CD0D38B}
		{F6204CD1-DAD9-47B2-9285-36B4A9FFBDE6} = {220CD8EA-3E94-40D4-8E13-05A798510534}
		{A66EDE9A-282E-4586-8320-4F4A235B4E50} = {D40AB4A2-F90A-42BA-9300-C17793CBE825}
		{7B0CD545-3B28-4B5A-8BA3-A71A4B9A2C08} = {D40AB4A2-F90A-42BA-9300-C17793CBE825}
		{7C381F7A-F4C0-48F2-A49C-561065A49802} = {9B8C97D0-CA33-4E07-A8DB-2C1F624FF79B}
		{DFBD9B5A-DD2A-4879-8025-CD4CFF8AD0EB} = {4AF95DD2-763F-4B31-84BB-E5FE9B0D3540}
		{F2B9C2EC-2CE0-40A0-8CB1-F44F1BEBB755} = {4AF95DD2-763F-4B31-84BB-E5FE9B0D3540}
		{89ECAA60-E488-4B74-AFEF-37FBA3DBF4AA} = {4AF95DD2-763F-4B31-84BB-E5FE9B0D3540}
		{5C8A094A-8F6F-42DC-AACC-C8A1D8D47CF3} = {4AF95DD2-763F-4B31-84BB-E5FE9B0D3540}
		{78EFBBA1-1DE7-411F-BA6D-37AE772F2F5E} = {DC958C93-5289-4D62-A8C0-B2E15CD0D38B}
		{994BE1CF-230A-48D3-86F9-B68F4D3E29AC} = {D40AB4A2-F90A-42BA-9300-C17793CBE825}
		{460F64A4-23B8-4617-9241-0D318B3F0054} = {091EF9EE-E16C-447B-A83D-2E4A787AF85A}
		{88975CBB-6B15-4A6F-829B-4D566526B7A4} = {9B8C97D0-CA33-4E07-A8DB-2C1F624FF79B}
		{0442E632-B26B-4328-9C01-C7F487CF732C} = {DCB04CA1-AC6F-4878-ACDE-17084DEF168F}
		{E5212F39-2241-48CB-B0B5-223B9204DC95} = {DCB04CA1-AC6F-4878-ACDE-17084DEF168F}
		{77747AC9-8BEE-4B6A-9F32-651B801DB75A} = {4AF95DD2-763F-4B31-84BB-E5FE9B0D3540}
		{F2ED4A41-9EFC-49AE-8768-F44C45168AF4} = {4C87E240-3F3E-4948-865A-E35673419B58}
		{8486AFBE-D6A2-4CA9-8EE2-97AA877841A9} = {9B8C97D0-CA33-4E07-A8DB-2C1F624FF79B}
		{419C3399-A1A6-49A7-BC5A-3A86B292F0AD} = {8486AFBE-D6A2-4CA9-8EE2-97AA877841A9}
		{92D167C2-1AEC-4AC5-A71D-5F3002D1396F} = {220CD8EA-3E94-40D4-8E13-05A798510534}
		{7537BD14-E421-418D-885C-DCFFFB9AE9B3} = {4AF95DD2-763F-4B31-84BB-E5FE9B0D3540}
		{F870CCD3-21E7-4436-B93B-149ED358A1BA} = {220CD8EA-3E94-40D4-8E13-05A798510534}
	EndGlobalSection
	GlobalSection(ExtensibilityGlobals) = postSolution
		SolutionGuid = {AAD14E9D-70D5-4AE6-A6B6-17B5E9FEC567}
	EndGlobalSection
EndGlobal
